Microsoft Visual Studio Solution File, Format Version 12.00
# Visual Studio 2013
VisualStudioVersion = 12.0.31101.0
MinimumVisualStudioVersion = 10.0.40219.1
Project("{FAE04EC0-301F-11D3-BF4B-00C04F79EFBC}") = "PluginManager", "PluginManager\PluginManager.csproj", "{F2F8BA6A-0112-47CA-9AFA-E8082263AB72}"
EndProject
Project("{FAE04EC0-301F-11D3-BF4B-00C04F79EFBC}") = "PluginManagerGUI", "PluginManagerGUI\PluginManagerGUI.csproj", "{FFDAE343-4AD7-489F-A15C-ACFDAE1E6F48}"
EndProject
Global
	GlobalSection(SolutionConfigurationPlatforms) = preSolution
		Debug|Any CPU = Debug|Any CPU
		Debug|Mixed Platforms = Debug|Mixed Platforms
		Debug|x64 = Debug|x64
		Debug|x86 = Debug|x86
		Release|Any CPU = Release|Any CPU
		Release|Mixed Platforms = Release|Mixed Platforms
		Release|x64 = Release|x64
		Release|x86 = Release|x86
	EndGlobalSection
	GlobalSection(ProjectConfigurationPlatforms) = postSolution
		{F2F8BA6A-0112-47CA-9AFA-E8082263AB72}.Debug|Any CPU.ActiveCfg = Debug|x86
		{F2F8BA6A-0112-47CA-9AFA-E8082263AB72}.Debug|Mixed Platforms.ActiveCfg = Debug|x86
		{F2F8BA6A-0112-47CA-9AFA-E8082263AB72}.Debug|Mixed Platforms.Build.0 = Debug|x86
		{F2F8BA6A-0112-47CA-9AFA-E8082263AB72}.Debug|x64.ActiveCfg = Debug|x64
		{F2F8BA6A-0112-47CA-9AFA-E8082263AB72}.Debug|x64.Build.0 = Debug|x64
		{F2F8BA6A-0112-47CA-9AFA-E8082263AB72}.Debug|x86.ActiveCfg = Debug|x86
		{F2F8BA6A-0112-47CA-9AFA-E8082263AB72}.Debug|x86.Build.0 = Debug|x86
		{F2F8BA6A-0112-47CA-9AFA-E8082263AB72}.Release|Any CPU.ActiveCfg = Release|x86
		{F2F8BA6A-0112-47CA-9AFA-E8082263AB72}.Release|Mixed Platforms.ActiveCfg = Release|x86
		{F2F8BA6A-0112-47CA-9AFA-E8082263AB72}.Release|Mixed Platforms.Build.0 = Release|x86
		{F2F8BA6A-0112-47CA-9AFA-E8082263AB72}.Release|x64.ActiveCfg = Release|x64
		{F2F8BA6A-0112-47CA-9AFA-E8082263AB72}.Release|x64.Build.0 = Release|x64
		{F2F8BA6A-0112-47CA-9AFA-E8082263AB72}.Release|x86.ActiveCfg = Release|x86
		{F2F8BA6A-0112-47CA-9AFA-E8082263AB72}.Release|x86.Build.0 = Release|x86
		{FFDAE343-4AD7-489F-A15C-ACFDAE1E6F48}.Debug|Any CPU.ActiveCfg = Debug|Any CPU
		{FFDAE343-4AD7-489F-A15C-ACFDAE1E6F48}.Debug|Any CPU.Build.0 = Debug|Any CPU
		{FFDAE343-4AD7-489F-A15C-ACFDAE1E6F48}.Debug|Mixed Platforms.ActiveCfg = Debug|Any CPU
		{FFDAE343-4AD7-489F-A15C-ACFDAE1E6F48}.Debug|Mixed Platforms.Build.0 = Debug|Any CPU
		{FFDAE343-4AD7-489F-A15C-ACFDAE1E6F48}.Debug|x64.ActiveCfg = Debug|Any CPU
		{FFDAE343-4AD7-489F-A15C-ACFDAE1E6F48}.Debug|x86.ActiveCfg = Debug|Any CPU
		{FFDAE343-4AD7-489F-A15C-ACFDAE1E6F48}.Release|Any CPU.ActiveCfg = Release|Any CPU
		{FFDAE343-4AD7-489F-A15C-ACFDAE1E6F48}.Release|Any CPU.Build.0 = Release|Any CPU
		{FFDAE343-4AD7-489F-A15C-ACFDAE1E6F48}.Release|Mixed Platforms.ActiveCfg = Release|Any CPU
		{FFDAE343-4AD7-489F-A15C-ACFDAE1E6F48}.Release|Mixed Platforms.Build.0 = Release|Any CPU
		{FFDAE343-4AD7-489F-A15C-ACFDAE1E6F48}.Release|x64.ActiveCfg = Release|Any CPU
		{FFDAE343-4AD7-489F-A15C-ACFDAE1E6F48}.Release|x86.ActiveCfg = Release|Any CPU
	EndGlobalSection
	GlobalSection(SolutionProperties) = preSolution
		HideSolutionNode = FALSE
	EndGlobalSection
EndGlobal
